
Microsoft Visual Studio Solution File, Format Version 12.00
# Visual Studio 15
VisualStudioVersion = 15.0.26124.0
MinimumVisualStudioVersion = 15.0.26124.0
Project("{FAE04EC0-301F-11D3-BF4B-00C04F79EFBC}") = "runner", "runner\runner.csproj", "{27BB5DA3-023D-4EDA-8181-87F623D4E813}"
EndProject
Project("{F2A71F9B-5D33-465A-A702-920D77279786}") = "fsharp_bench", "fsharp_bench\fsharp_bench.fsproj", "{90BD5F34-0F0E-400D-A8F9-379DC0C981C9}"
EndProject
Project("{FAE04EC0-301F-11D3-BF4B-00C04F79EFBC}") = "csharp_bench", "csharp_bench\csharp_bench.csproj", "{6C24D628-1679-4B3E-A78B-166BA5E9FFCF}"
EndProject
Global
	GlobalSection(SolutionConfigurationPlatforms) = preSolution
		Debug|Any CPU = Debug|Any CPU
		Debug|x64 = Debug|x64
		Debug|x86 = Debug|x86
		Release|Any CPU = Release|Any CPU
		Release|x64 = Release|x64
		Release|x86 = Release|x86
	EndGlobalSection
	GlobalSection(SolutionProperties) = preSolution
		HideSolutionNode = FALSE
	EndGlobalSection
	GlobalSection(ProjectConfigurationPlatforms) = postSolution
		{27BB5DA3-023D-4EDA-8181-87F623D4E813}.Debug|Any CPU.ActiveCfg = Debug|Any CPU
		{27BB5DA3-023D-4EDA-8181-87F623D4E813}.Debug|Any CPU.Build.0 = Debug|Any CPU
		{27BB5DA3-023D-4EDA-8181-87F623D4E813}.Debug|x64.ActiveCfg = Debug|x64
		{27BB5DA3-023D-4EDA-8181-87F623D4E813}.Debug|x64.Build.0 = Debug|x64
		{27BB5DA3-023D-4EDA-8181-87F623D4E813}.Debug|x86.ActiveCfg = Debug|x86
		{27BB5DA3-023D-4EDA-8181-87F623D4E813}.Debug|x86.Build.0 = Debug|x86
		{27BB5DA3-023D-4EDA-8181-87F623D4E813}.Release|Any CPU.ActiveCfg = Release|Any CPU
		{27BB5DA3-023D-4EDA-8181-87F623D4E813}.Release|Any CPU.Build.0 = Release|Any CPU
		{27BB5DA3-023D-4EDA-8181-87F623D4E813}.Release|x64.ActiveCfg = Release|x64
		{27BB5DA3-023D-4EDA-8181-87F623D4E813}.Release|x64.Build.0 = Release|x64
		{27BB5DA3-023D-4EDA-8181-87F623D4E813}.Release|x86.ActiveCfg = Release|x86
		{27BB5DA3-023D-4EDA-8181-87F623D4E813}.Release|x86.Build.0 = Release|x86
		{90BD5F34-0F0E-400D-A8F9-379DC0C981C9}.Debug|Any CPU.ActiveCfg = Debug|Any CPU
		{90BD5F34-0F0E-400D-A8F9-379DC0C981C9}.Debug|Any CPU.Build.0 = Debug|Any CPU
		{90BD5F34-0F0E-400D-A8F9-379DC0C981C9}.Debug|x64.ActiveCfg = Debug|x64
		{90BD5F34-0F0E-400D-A8F9-379DC0C981C9}.Debug|x64.Build.0 = Debug|x64
		{90BD5F34-0F0E-400D-A8F9-379DC0C981C9}.Debug|x86.ActiveCfg = Debug|x86
		{90BD5F34-0F0E-400D-A8F9-379DC0C981C9}.Debug|x86.Build.0 = Debug|x86
		{90BD5F34-0F0E-400D-A8F9-379DC0C981C9}.Release|Any CPU.ActiveCfg = Release|Any CPU
		{90BD5F34-0F0E-400D-A8F9-379DC0C981C9}.Release|Any CPU.Build.0 = Release|Any CPU
		{90BD5F34-0F0E-400D-A8F9-379DC0C981C9}.Release|x64.ActiveCfg = Release|x64
		{90BD5F34-0F0E-400D-A8F9-379DC0C981C9}.Release|x64.Build.0 = Release|x64
		{90BD5F34-0F0E-400D-A8F9-379DC0C981C9}.Release|x86.ActiveCfg = Release|x86
		{90BD5F34-0F0E-400D-A8F9-379DC0C981C9}.Release|x86.Build.0 = Release|x86
		{6C24D628-1679-4B3E-A78B-166BA5E9FFCF}.Debug|Any CPU.ActiveCfg = Debug|Any CPU
		{6C24D628-1679-4B3E-A78B-166BA5E9FFCF}.Debug|Any CPU.Build.0 = Debug|Any CPU
		{6C24D628-1679-4B3E-A78B-166BA5E9FFCF}.Debug|x64.ActiveCfg = Debug|x64
		{6C24D628-1679-4B3E-A78B-166BA5E9FFCF}.Debug|x64.Build.0 = Debug|x64
		{6C24D628-1679-4B3E-A78B-166BA5E9FFCF}.Debug|x86.ActiveCfg = Debug|x86
		{6C24D628-1679-4B3E-A78B-166BA5E9FFCF}.Debug|x86.Build.0 = Debug|x86
		{6C24D628-1679-4B3E-A78B-166BA5E9FFCF}.Release|Any CPU.ActiveCfg = Release|Any CPU
		{6C24D628-1679-4B3E-A78B-166BA5E9FFCF}.Release|Any CPU.Build.0 = Release|Any CPU
		{6C24D628-1679-4B3E-A78B-166BA5E9FFCF}.Release|x64.ActiveCfg = Release|x64
		{6C24D628-1679-4B3E-A78B-166BA5E9FFCF}.Release|x64.Build.0 = Release|x64
		{6C24D628-1679-4B3E-A78B-166BA5E9FFCF}.Release|x86.ActiveCfg = Release|x86
		{6C24D628-1679-4B3E-A78B-166BA5E9FFCF}.Release|x86.Build.0 = Release|x86
	EndGlobalSection
EndGlobal
